
Microsoft Visual Studio Solution File, Format Version 12.00
# Visual Studio for Mac
Project("{FAE04EC0-301F-11D3-BF4B-00C04F79EFBC}") = "Assembly-CSharp", "Assembly-CSharp.csproj", "{5BBD2034-AA53-E70B-E642-96CCDD31AE5C}"
EndProject
Project("{FAE04EC0-301F-11D3-BF4B-00C04F79EFBC}") = "Assembly-CSharp-Editor", "Assembly-CSharp-Editor.csproj", "{7E57C0FC-CC77-76AD-53B6-914A6B55FB81}"
EndProject
Global
	GlobalSection(SolutionConfigurationPlatforms) = preSolution
		Debug|Any CPU = Debug|Any CPU
		Release|Any CPU = Release|Any CPU
	EndGlobalSection
	GlobalSection(ProjectConfigurationPlatforms) = postSolution
		{5BBD2034-AA53-E70B-E642-96CCDD31AE5C}.Debug|Any CPU.ActiveCfg = Debug|Any CPU
		{5BBD2034-AA53-E70B-E642-96CCDD31AE5C}.Debug|Any CPU.Build.0 = Debug|Any CPU
		{5BBD2034-AA53-E70B-E642-96CCDD31AE5C}.Release|Any CPU.ActiveCfg = Release|Any CPU
		{5BBD2034-AA53-E70B-E642-96CCDD31AE5C}.Release|Any CPU.Build.0 = Release|Any CPU
		{7E57C0FC-CC77-76AD-53B6-914A6B55FB81}.Debug|Any CPU.ActiveCfg = Debug|Any CPU
		{7E57C0FC-CC77-76AD-53B6-914A6B55FB81}.Debug|Any CPU.Build.0 = Debug|Any CPU
		{7E57C0FC-CC77-76AD-53B6-914A6B55FB81}.Release|Any CPU.ActiveCfg = Release|Any CPU
		{7E57C0FC-CC77-76AD-53B6-914A6B55FB81}.Release|Any CPU.Build.0 = Release|Any CPU
	EndGlobalSection
	GlobalSection(SolutionProperties) = preSolution
		HideSolutionNode = FALSE
	EndGlobalSection
EndGlobal
